// !$*UTF8*$!
{
	archiveVersion = 1;
	classes = {
	};
	objectVersion = 56;
	objects = {

/* Begin PBXBuildFile section */
		276DB3BD2CAC5ACF005243A4 /* CryptoDetailView.swift in Sources */ = {isa = PBXBuildFile; fileRef = 276DB3BC2CAC5ACF005243A4 /* CryptoDetailView.swift */; };
		8588618E2CA550D1009FF132 /* FinancialDataAPIManager.swift in Sources */ = {isa = PBXBuildFile; fileRef = 8588618D2CA550D1009FF132 /* FinancialDataAPIManager.swift */; };
		858861902CA55105009FF132 /* FinancialDataAPIResult.swift in Sources */ = {isa = PBXBuildFile; fileRef = 8588618F2CA55105009FF132 /* FinancialDataAPIResult.swift */; };
		8598301F2C8B3B20006E4B26 /* Cryptocurrency_PredictorApp.swift in Sources */ = {isa = PBXBuildFile; fileRef = 8598301E2C8B3B20006E4B26 /* Cryptocurrency_PredictorApp.swift */; };
		859830212C8B3B20006E4B26 /* ContentView.swift in Sources */ = {isa = PBXBuildFile; fileRef = 859830202C8B3B20006E4B26 /* ContentView.swift */; };
		859830232C8B3B21006E4B26 /* Assets.xcassets in Resources */ = {isa = PBXBuildFile; fileRef = 859830222C8B3B21006E4B26 /* Assets.xcassets */; };
		859830262C8B3B21006E4B26 /* Preview Assets.xcassets in Resources */ = {isa = PBXBuildFile; fileRef = 859830252C8B3B21006E4B26 /* Preview Assets.xcassets */; };
		859830302C8B3B22006E4B26 /* Cryptocurrency_PredictorTests.swift in Sources */ = {isa = PBXBuildFile; fileRef = 8598302F2C8B3B22006E4B26 /* Cryptocurrency_PredictorTests.swift */; };
		8598303A2C8B3B22006E4B26 /* Cryptocurrency_PredictorUITests.swift in Sources */ = {isa = PBXBuildFile; fileRef = 859830392C8B3B22006E4B26 /* Cryptocurrency_PredictorUITests.swift */; };
		8598303C2C8B3B22006E4B26 /* Cryptocurrency_PredictorUITestsLaunchTests.swift in Sources */ = {isa = PBXBuildFile; fileRef = 8598303B2C8B3B22006E4B26 /* Cryptocurrency_PredictorUITestsLaunchTests.swift */; };
		8598304B2C8B430E006E4B26 /* Home Screen.swift in Sources */ = {isa = PBXBuildFile; fileRef = 8598304A2C8B430E006E4B26 /* Home Screen.swift */; };
		8598304D2C8B4343006E4B26 /* Search Screen.swift in Sources */ = {isa = PBXBuildFile; fileRef = 8598304C2C8B4343006E4B26 /* Search Screen.swift */; };
		8598304F2C8B4350006E4B26 /* Favourites Screen.swift in Sources */ = {isa = PBXBuildFile; fileRef = 8598304E2C8B4350006E4B26 /* Favourites Screen.swift */; };
		859830512C8B435A006E4B26 /* News Screen.swift in Sources */ = {isa = PBXBuildFile; fileRef = 859830502C8B435A006E4B26 /* News Screen.swift */; };
		85AD0C442CBFD77100CD5BBA /* TrendingCurrenciesAPI.swift in Sources */ = {isa = PBXBuildFile; fileRef = 85AD0C432CBFD77100CD5BBA /* TrendingCurrenciesAPI.swift */; };
		85BDED1E2C92DD46000C9B44 /* CryptoPriceAPIResult.swift in Sources */ = {isa = PBXBuildFile; fileRef = 85BDED1D2C92DD46000C9B44 /* CryptoPriceAPIResult.swift */; };
		85BDED212C92DD92000C9B44 /* MarketauxAPIManager.swift in Sources */ = {isa = PBXBuildFile; fileRef = 85BDED202C92DD92000C9B44 /* MarketauxAPIManager.swift */; };
		85C39C5F2CB7C27C00420B4F /* CryptoChartView.swift in Sources */ = {isa = PBXBuildFile; fileRef = 85C39C5E2CB7C27C00420B4F /* CryptoChartView.swift */; };
		85F1AC302CB033B900470BDB /* CryptoHistoricalDataResult.swift in Sources */ = {isa = PBXBuildFile; fileRef = 85F1AC2F2CB033B900470BDB /* CryptoHistoricalDataResult.swift */; };
		85F1AC322CB0357E00470BDB /* HistoricalFinancialDataAPI.swift in Sources */ = {isa = PBXBuildFile; fileRef = 85F1AC312CB0357E00470BDB /* HistoricalFinancialDataAPI.swift */; };
/* End PBXBuildFile section */

/* Begin PBXContainerItemProxy section */
		8598302C2C8B3B22006E4B26 /* PBXContainerItemProxy */ = {
			isa = PBXContainerItemProxy;
			containerPortal = 859830132C8B3B1F006E4B26 /* Project object */;
			proxyType = 1;
			remoteGlobalIDString = 8598301A2C8B3B1F006E4B26;
			remoteInfo = "Cryptocurrency Predictor";
		};
		859830362C8B3B22006E4B26 /* PBXContainerItemProxy */ = {
			isa = PBXContainerItemProxy;
			containerPortal = 859830132C8B3B1F006E4B26 /* Project object */;
			proxyType = 1;
			remoteGlobalIDString = 8598301A2C8B3B1F006E4B26;
			remoteInfo = "Cryptocurrency Predictor";
		};
/* End PBXContainerItemProxy section */

/* Begin PBXFileReference section */
		276DB3BC2CAC5ACF005243A4 /* CryptoDetailView.swift */ = {isa = PBXFileReference; lastKnownFileType = sourcecode.swift; path = CryptoDetailView.swift; sourceTree = "<group>"; };
		8588618D2CA550D1009FF132 /* FinancialDataAPIManager.swift */ = {isa = PBXFileReference; lastKnownFileType = sourcecode.swift; path = FinancialDataAPIManager.swift; sourceTree = "<group>"; };
		8588618F2CA55105009FF132 /* FinancialDataAPIResult.swift */ = {isa = PBXFileReference; lastKnownFileType = sourcecode.swift; path = FinancialDataAPIResult.swift; sourceTree = "<group>"; };
		8598301B2C8B3B20006E4B26 /* Cryptocurrency Predictor.app */ = {isa = PBXFileReference; explicitFileType = wrapper.application; includeInIndex = 0; path = "Cryptocurrency Predictor.app"; sourceTree = BUILT_PRODUCTS_DIR; };
		8598301E2C8B3B20006E4B26 /* Cryptocurrency_PredictorApp.swift */ = {isa = PBXFileReference; lastKnownFileType = sourcecode.swift; path = Cryptocurrency_PredictorApp.swift; sourceTree = "<group>"; };
		859830202C8B3B20006E4B26 /* ContentView.swift */ = {isa = PBXFileReference; lastKnownFileType = sourcecode.swift; path = ContentView.swift; sourceTree = "<group>"; };
		859830222C8B3B21006E4B26 /* Assets.xcassets */ = {isa = PBXFileReference; lastKnownFileType = folder.assetcatalog; path = Assets.xcassets; sourceTree = "<group>"; };
		859830252C8B3B21006E4B26 /* Preview Assets.xcassets */ = {isa = PBXFileReference; lastKnownFileType = folder.assetcatalog; path = "Preview Assets.xcassets"; sourceTree = "<group>"; };
		8598302B2C8B3B22006E4B26 /* Cryptocurrency PredictorTests.xctest */ = {isa = PBXFileReference; explicitFileType = wrapper.cfbundle; includeInIndex = 0; path = "Cryptocurrency PredictorTests.xctest"; sourceTree = BUILT_PRODUCTS_DIR; };
		8598302F2C8B3B22006E4B26 /* Cryptocurrency_PredictorTests.swift */ = {isa = PBXFileReference; lastKnownFileType = sourcecode.swift; path = Cryptocurrency_PredictorTests.swift; sourceTree = "<group>"; };
		859830352C8B3B22006E4B26 /* Cryptocurrency PredictorUITests.xctest */ = {isa = PBXFileReference; explicitFileType = wrapper.cfbundle; includeInIndex = 0; path = "Cryptocurrency PredictorUITests.xctest"; sourceTree = BUILT_PRODUCTS_DIR; };
		859830392C8B3B22006E4B26 /* Cryptocurrency_PredictorUITests.swift */ = {isa = PBXFileReference; lastKnownFileType = sourcecode.swift; path = Cryptocurrency_PredictorUITests.swift; sourceTree = "<group>"; };
		8598303B2C8B3B22006E4B26 /* Cryptocurrency_PredictorUITestsLaunchTests.swift */ = {isa = PBXFileReference; lastKnownFileType = sourcecode.swift; path = Cryptocurrency_PredictorUITestsLaunchTests.swift; sourceTree = "<group>"; };
		8598304A2C8B430E006E4B26 /* Home Screen.swift */ = {isa = PBXFileReference; lastKnownFileType = sourcecode.swift; path = "Home Screen.swift"; sourceTree = "<group>"; };
		8598304C2C8B4343006E4B26 /* Search Screen.swift */ = {isa = PBXFileReference; lastKnownFileType = sourcecode.swift; path = "Search Screen.swift"; sourceTree = "<group>"; };
		8598304E2C8B4350006E4B26 /* Favourites Screen.swift */ = {isa = PBXFileReference; lastKnownFileType = sourcecode.swift; path = "Favourites Screen.swift"; sourceTree = "<group>"; };
		859830502C8B435A006E4B26 /* News Screen.swift */ = {isa = PBXFileReference; lastKnownFileType = sourcecode.swift; path = "News Screen.swift"; sourceTree = "<group>"; };
		85AD0C432CBFD77100CD5BBA /* TrendingCurrenciesAPI.swift */ = {isa = PBXFileReference; lastKnownFileType = sourcecode.swift; path = TrendingCurrenciesAPI.swift; sourceTree = "<group>"; };
		85BDED1D2C92DD46000C9B44 /* CryptoPriceAPIResult.swift */ = {isa = PBXFileReference; lastKnownFileType = sourcecode.swift; path = CryptoPriceAPIResult.swift; sourceTree = "<group>"; };
		85BDED202C92DD92000C9B44 /* MarketauxAPIManager.swift */ = {isa = PBXFileReference; lastKnownFileType = sourcecode.swift; path = MarketauxAPIManager.swift; sourceTree = "<group>"; };
		85C39C5E2CB7C27C00420B4F /* CryptoChartView.swift */ = {isa = PBXFileReference; lastKnownFileType = sourcecode.swift; path = CryptoChartView.swift; sourceTree = "<group>"; };
		85F1AC2F2CB033B900470BDB /* CryptoHistoricalDataResult.swift */ = {isa = PBXFileReference; lastKnownFileType = sourcecode.swift; path = CryptoHistoricalDataResult.swift; sourceTree = "<group>"; };
		85F1AC312CB0357E00470BDB /* HistoricalFinancialDataAPI.swift */ = {isa = PBXFileReference; lastKnownFileType = sourcecode.swift; path = HistoricalFinancialDataAPI.swift; sourceTree = "<group>"; };
/* End PBXFileReference section */

/* Begin PBXFrameworksBuildPhase section */
		859830182C8B3B1F006E4B26 /* Frameworks */ = {
			isa = PBXFrameworksBuildPhase;
			buildActionMask = 2147483647;
			files = (
			);
			runOnlyForDeploymentPostprocessing = 0;
		};
		859830282C8B3B22006E4B26 /* Frameworks */ = {
			isa = PBXFrameworksBuildPhase;
			buildActionMask = 2147483647;
			files = (
			);
			runOnlyForDeploymentPostprocessing = 0;
		};
		859830322C8B3B22006E4B26 /* Frameworks */ = {
			isa = PBXFrameworksBuildPhase;
			buildActionMask = 2147483647;
			files = (
			);
			runOnlyForDeploymentPostprocessing = 0;
		};
/* End PBXFrameworksBuildPhase section */

/* Begin PBXGroup section */
		859830122C8B3B1F006E4B26 = {
			isa = PBXGroup;
			children = (
				8598301D2C8B3B20006E4B26 /* Cryptocurrency Predictor */,
				8598302E2C8B3B22006E4B26 /* Cryptocurrency PredictorTests */,
				859830382C8B3B22006E4B26 /* Cryptocurrency PredictorUITests */,
				8598301C2C8B3B20006E4B26 /* Products */,
			);
			sourceTree = "<group>";
		};
		8598301C2C8B3B20006E4B26 /* Products */ = {
			isa = PBXGroup;
			children = (
				8598301B2C8B3B20006E4B26 /* Cryptocurrency Predictor.app */,
				8598302B2C8B3B22006E4B26 /* Cryptocurrency PredictorTests.xctest */,
				859830352C8B3B22006E4B26 /* Cryptocurrency PredictorUITests.xctest */,
			);
			name = Products;
			sourceTree = "<group>";
		};
		8598301D2C8B3B20006E4B26 /* Cryptocurrency Predictor */ = {
			isa = PBXGroup;
			children = (
				85BDED1F2C92DD78000C9B44 /* Managers */,
				85BDED1A2C92D894000C9B44 /* Models */,
				8598301E2C8B3B20006E4B26 /* Cryptocurrency_PredictorApp.swift */,
				859830202C8B3B20006E4B26 /* ContentView.swift */,
				859830222C8B3B21006E4B26 /* Assets.xcassets */,
				859830242C8B3B21006E4B26 /* Preview Content */,
				8598304A2C8B430E006E4B26 /* Home Screen.swift */,
				8598304C2C8B4343006E4B26 /* Search Screen.swift */,
				8598304E2C8B4350006E4B26 /* Favourites Screen.swift */,
				859830502C8B435A006E4B26 /* News Screen.swift */,
				276DB3BC2CAC5ACF005243A4 /* CryptoDetailView.swift */,
				85C39C5E2CB7C27C00420B4F /* CryptoChartView.swift */,
			);
			path = "Cryptocurrency Predictor";
			sourceTree = "<group>";
		};
		859830242C8B3B21006E4B26 /* Preview Content */ = {
			isa = PBXGroup;
			children = (
				859830252C8B3B21006E4B26 /* Preview Assets.xcassets */,
			);
			path = "Preview Content";
			sourceTree = "<group>";
		};
		8598302E2C8B3B22006E4B26 /* Cryptocurrency PredictorTests */ = {
			isa = PBXGroup;
			children = (
				8598302F2C8B3B22006E4B26 /* Cryptocurrency_PredictorTests.swift */,
			);
			path = "Cryptocurrency PredictorTests";
			sourceTree = "<group>";
		};
		859830382C8B3B22006E4B26 /* Cryptocurrency PredictorUITests */ = {
			isa = PBXGroup;
			children = (
				859830392C8B3B22006E4B26 /* Cryptocurrency_PredictorUITests.swift */,
				8598303B2C8B3B22006E4B26 /* Cryptocurrency_PredictorUITestsLaunchTests.swift */,
			);
			path = "Cryptocurrency PredictorUITests";
			sourceTree = "<group>";
		};
		85BDED1A2C92D894000C9B44 /* Models */ = {
			isa = PBXGroup;
			children = (
				85BDED1D2C92DD46000C9B44 /* CryptoPriceAPIResult.swift */,
				8588618F2CA55105009FF132 /* FinancialDataAPIResult.swift */,
				85F1AC2F2CB033B900470BDB /* CryptoHistoricalDataResult.swift */,
			);
			path = Models;
			sourceTree = "<group>";
		};
		85BDED1F2C92DD78000C9B44 /* Managers */ = {
			isa = PBXGroup;
			children = (
				85BDED202C92DD92000C9B44 /* MarketauxAPIManager.swift */,
				85AD0C432CBFD77100CD5BBA /* TrendingCurrenciesAPI.swift */,
				8588618D2CA550D1009FF132 /* FinancialDataAPIManager.swift */,
				85F1AC312CB0357E00470BDB /* HistoricalFinancialDataAPI.swift */,
			);
			path = Managers;
			sourceTree = "<group>";
		};
/* End PBXGroup section */

/* Begin PBXNativeTarget section */
		8598301A2C8B3B1F006E4B26 /* Cryptocurrency Predictor */ = {
			isa = PBXNativeTarget;
			buildConfigurationList = 8598303F2C8B3B22006E4B26 /* Build configuration list for PBXNativeTarget "Cryptocurrency Predictor" */;
			buildPhases = (
				859830172C8B3B1F006E4B26 /* Sources */,
				859830182C8B3B1F006E4B26 /* Frameworks */,
				859830192C8B3B1F006E4B26 /* Resources */,
			);
			buildRules = (
			);
			dependencies = (
			);
			name = "Cryptocurrency Predictor";
			productName = "Cryptocurrency Predictor";
			productReference = 8598301B2C8B3B20006E4B26 /* Cryptocurrency Predictor.app */;
			productType = "com.apple.product-type.application";
		};
		8598302A2C8B3B22006E4B26 /* Cryptocurrency PredictorTests */ = {
			isa = PBXNativeTarget;
			buildConfigurationList = 859830422C8B3B22006E4B26 /* Build configuration list for PBXNativeTarget "Cryptocurrency PredictorTests" */;
			buildPhases = (
				859830272C8B3B22006E4B26 /* Sources */,
				859830282C8B3B22006E4B26 /* Frameworks */,
				859830292C8B3B22006E4B26 /* Resources */,
			);
			buildRules = (
			);
			dependencies = (
				8598302D2C8B3B22006E4B26 /* PBXTargetDependency */,
			);
			name = "Cryptocurrency PredictorTests";
			productName = "Cryptocurrency PredictorTests";
			productReference = 8598302B2C8B3B22006E4B26 /* Cryptocurrency PredictorTests.xctest */;
			productType = "com.apple.product-type.bundle.unit-test";
		};
		859830342C8B3B22006E4B26 /* Cryptocurrency PredictorUITests */ = {
			isa = PBXNativeTarget;
			buildConfigurationList = 859830452C8B3B22006E4B26 /* Build configuration list for PBXNativeTarget "Cryptocurrency PredictorUITests" */;
			buildPhases = (
				859830312C8B3B22006E4B26 /* Sources */,
				859830322C8B3B22006E4B26 /* Frameworks */,
				859830332C8B3B22006E4B26 /* Resources */,
			);
			buildRules = (
			);
			dependencies = (
				859830372C8B3B22006E4B26 /* PBXTargetDependency */,
			);
			name = "Cryptocurrency PredictorUITests";
			productName = "Cryptocurrency PredictorUITests";
			productReference = 859830352C8B3B22006E4B26 /* Cryptocurrency PredictorUITests.xctest */;
			productType = "com.apple.product-type.bundle.ui-testing";
		};
/* End PBXNativeTarget section */

/* Begin PBXProject section */
		859830132C8B3B1F006E4B26 /* Project object */ = {
			isa = PBXProject;
			attributes = {
				BuildIndependentTargetsInParallel = 1;
				LastSwiftUpdateCheck = 1520;
				LastUpgradeCheck = 1600;
				TargetAttributes = {
					8598301A2C8B3B1F006E4B26 = {
						CreatedOnToolsVersion = 15.2;
					};
					8598302A2C8B3B22006E4B26 = {
						CreatedOnToolsVersion = 15.2;
						TestTargetID = 8598301A2C8B3B1F006E4B26;
					};
					859830342C8B3B22006E4B26 = {
						CreatedOnToolsVersion = 15.2;
						TestTargetID = 8598301A2C8B3B1F006E4B26;
					};
				};
			};
			buildConfigurationList = 859830162C8B3B1F006E4B26 /* Build configuration list for PBXProject "Cryptocurrency Predictor" */;
			compatibilityVersion = "Xcode 14.0";
			developmentRegion = en;
			hasScannedForEncodings = 0;
			knownRegions = (
				en,
				Base,
			);
			mainGroup = 859830122C8B3B1F006E4B26;
			productRefGroup = 8598301C2C8B3B20006E4B26 /* Products */;
			projectDirPath = "";
			projectRoot = "";
			targets = (
				8598301A2C8B3B1F006E4B26 /* Cryptocurrency Predictor */,
				8598302A2C8B3B22006E4B26 /* Cryptocurrency PredictorTests */,
				859830342C8B3B22006E4B26 /* Cryptocurrency PredictorUITests */,
			);
		};
/* End PBXProject section */

/* Begin PBXResourcesBuildPhase section */
		859830192C8B3B1F006E4B26 /* Resources */ = {
			isa = PBXResourcesBuildPhase;
			buildActionMask = 2147483647;
			files = (
				859830262C8B3B21006E4B26 /* Preview Assets.xcassets in Resources */,
				859830232C8B3B21006E4B26 /* Assets.xcassets in Resources */,
			);
			runOnlyForDeploymentPostprocessing = 0;
		};
		859830292C8B3B22006E4B26 /* Resources */ = {
			isa = PBXResourcesBuildPhase;
			buildActionMask = 2147483647;
			files = (
			);
			runOnlyForDeploymentPostprocessing = 0;
		};
		859830332C8B3B22006E4B26 /* Resources */ = {
			isa = PBXResourcesBuildPhase;
			buildActionMask = 2147483647;
			files = (
			);
			runOnlyForDeploymentPostprocessing = 0;
		};
/* End PBXResourcesBuildPhase section */

/* Begin PBXSourcesBuildPhase section */
		859830172C8B3B1F006E4B26 /* Sources */ = {
			isa = PBXSourcesBuildPhase;
			buildActionMask = 2147483647;
			files = (
				85AD0C442CBFD77100CD5BBA /* TrendingCurrenciesAPI.swift in Sources */,
				8598304D2C8B4343006E4B26 /* Search Screen.swift in Sources */,
				8598304F2C8B4350006E4B26 /* Favourites Screen.swift in Sources */,
				85BDED1E2C92DD46000C9B44 /* CryptoPriceAPIResult.swift in Sources */,
				85C39C5F2CB7C27C00420B4F /* CryptoChartView.swift in Sources */,
				85BDED212C92DD92000C9B44 /* MarketauxAPIManager.swift in Sources */,
				859830212C8B3B20006E4B26 /* ContentView.swift in Sources */,
				85F1AC322CB0357E00470BDB /* HistoricalFinancialDataAPI.swift in Sources */,
				276DB3BD2CAC5ACF005243A4 /* CryptoDetailView.swift in Sources */,
				859830512C8B435A006E4B26 /* News Screen.swift in Sources */,
				8598301F2C8B3B20006E4B26 /* Cryptocurrency_PredictorApp.swift in Sources */,
				858861902CA55105009FF132 /* FinancialDataAPIResult.swift in Sources */,
				8588618E2CA550D1009FF132 /* FinancialDataAPIManager.swift in Sources */,
				85F1AC302CB033B900470BDB /* CryptoHistoricalDataResult.swift in Sources */,
				8598304B2C8B430E006E4B26 /* Home Screen.swift in Sources */,
			);
			runOnlyForDeploymentPostprocessing = 0;
		};
		859830272C8B3B22006E4B26 /* Sources */ = {
			isa = PBXSourcesBuildPhase;
			buildActionMask = 2147483647;
			files = (
				859830302C8B3B22006E4B26 /* Cryptocurrency_PredictorTests.swift in Sources */,
			);
			runOnlyForDeploymentPostprocessing = 0;
		};
		859830312C8B3B22006E4B26 /* Sources */ = {
			isa = PBXSourcesBuildPhase;
			buildActionMask = 2147483647;
			files = (
				8598303A2C8B3B22006E4B26 /* Cryptocurrency_PredictorUITests.swift in Sources */,
				8598303C2C8B3B22006E4B26 /* Cryptocurrency_PredictorUITestsLaunchTests.swift in Sources */,
			);
			runOnlyForDeploymentPostprocessing = 0;
		};
/* End PBXSourcesBuildPhase section */

/* Begin PBXTargetDependency section */
		8598302D2C8B3B22006E4B26 /* PBXTargetDependency */ = {
			isa = PBXTargetDependency;
			target = 8598301A2C8B3B1F006E4B26 /* Cryptocurrency Predictor */;
			targetProxy = 8598302C2C8B3B22006E4B26 /* PBXContainerItemProxy */;
		};
		859830372C8B3B22006E4B26 /* PBXTargetDependency */ = {
			isa = PBXTargetDependency;
			target = 8598301A2C8B3B1F006E4B26 /* Cryptocurrency Predictor */;
			targetProxy = 859830362C8B3B22006E4B26 /* PBXContainerItemProxy */;
		};
/* End PBXTargetDependency section */

/* Begin XCBuildConfiguration section */
		8598303D2C8B3B22006E4B26 /* Debug */ = {
			isa = XCBuildConfiguration;
			buildSettings = {
				ALWAYS_SEARCH_USER_PATHS = NO;
				ASSETCATALOG_COMPILER_GENERATE_SWIFT_ASSET_SYMBOL_EXTENSIONS = YES;
				CLANG_ANALYZER_NONNULL = YES;
				CLANG_ANALYZER_NUMBER_OBJECT_CONVERSION = YES_AGGRESSIVE;
				CLANG_CXX_LANGUAGE_STANDARD = "gnu++20";
				CLANG_ENABLE_MODULES = YES;
				CLANG_ENABLE_OBJC_ARC = YES;
				CLANG_ENABLE_OBJC_WEAK = YES;
				CLANG_WARN_BLOCK_CAPTURE_AUTORELEASING = YES;
				CLANG_WARN_BOOL_CONVERSION = YES;
				CLANG_WARN_COMMA = YES;
				CLANG_WARN_CONSTANT_CONVERSION = YES;
				CLANG_WARN_DEPRECATED_OBJC_IMPLEMENTATIONS = YES;
				CLANG_WARN_DIRECT_OBJC_ISA_USAGE = YES_ERROR;
				CLANG_WARN_DOCUMENTATION_COMMENTS = YES;
				CLANG_WARN_EMPTY_BODY = YES;
				CLANG_WARN_ENUM_CONVERSION = YES;
				CLANG_WARN_INFINITE_RECURSION = YES;
				CLANG_WARN_INT_CONVERSION = YES;
				CLANG_WARN_NON_LITERAL_NULL_CONVERSION = YES;
				CLANG_WARN_OBJC_IMPLICIT_RETAIN_SELF = YES;
				CLANG_WARN_OBJC_LITERAL_CONVERSION = YES;
				CLANG_WARN_OBJC_ROOT_CLASS = YES_ERROR;
				CLANG_WARN_QUOTED_INCLUDE_IN_FRAMEWORK_HEADER = YES;
				CLANG_WARN_RANGE_LOOP_ANALYSIS = YES;
				CLANG_WARN_STRICT_PROTOTYPES = YES;
				CLANG_WARN_SUSPICIOUS_MOVE = YES;
				CLANG_WARN_UNGUARDED_AVAILABILITY = YES_AGGRESSIVE;
				CLANG_WARN_UNREACHABLE_CODE = YES;
				CLANG_WARN__DUPLICATE_METHOD_MATCH = YES;
				COPY_PHASE_STRIP = NO;
				DEBUG_INFORMATION_FORMAT = dwarf;
				ENABLE_STRICT_OBJC_MSGSEND = YES;
				ENABLE_TESTABILITY = YES;
				ENABLE_USER_SCRIPT_SANDBOXING = YES;
				GCC_C_LANGUAGE_STANDARD = gnu17;
				GCC_DYNAMIC_NO_PIC = NO;
				GCC_NO_COMMON_BLOCKS = YES;
				GCC_OPTIMIZATION_LEVEL = 0;
				GCC_PREPROCESSOR_DEFINITIONS = (
					"DEBUG=1",
					"$(inherited)",
				);
				GCC_WARN_64_TO_32_BIT_CONVERSION = YES;
				GCC_WARN_ABOUT_RETURN_TYPE = YES_ERROR;
				GCC_WARN_UNDECLARED_SELECTOR = YES;
				GCC_WARN_UNINITIALIZED_AUTOS = YES_AGGRESSIVE;
				GCC_WARN_UNUSED_FUNCTION = YES;
				GCC_WARN_UNUSED_VARIABLE = YES;
				IPHONEOS_DEPLOYMENT_TARGET = 17.2;
				LOCALIZATION_PREFERS_STRING_CATALOGS = YES;
				MTL_ENABLE_DEBUG_INFO = INCLUDE_SOURCE;
				MTL_FAST_MATH = YES;
				ONLY_ACTIVE_ARCH = YES;
				SDKROOT = iphoneos;
				SWIFT_ACTIVE_COMPILATION_CONDITIONS = "DEBUG $(inherited)";
				SWIFT_OPTIMIZATION_LEVEL = "-Onone";
			};
			name = Debug;
		};
		8598303E2C8B3B22006E4B26 /* Release */ = {
			isa = XCBuildConfiguration;
			buildSettings = {
				ALWAYS_SEARCH_USER_PATHS = NO;
				ASSETCATALOG_COMPILER_GENERATE_SWIFT_ASSET_SYMBOL_EXTENSIONS = YES;
				CLANG_ANALYZER_NONNULL = YES;
				CLANG_ANALYZER_NUMBER_OBJECT_CONVERSION = YES_AGGRESSIVE;
				CLANG_CXX_LANGUAGE_STANDARD = "gnu++20";
				CLANG_ENABLE_MODULES = YES;
				CLANG_ENABLE_OBJC_ARC = YES;
				CLANG_ENABLE_OBJC_WEAK = YES;
				CLANG_WARN_BLOCK_CAPTURE_AUTORELEASING = YES;
				CLANG_WARN_BOOL_CONVERSION = YES;
				CLANG_WARN_COMMA = YES;
				CLANG_WARN_CONSTANT_CONVERSION = YES;
				CLANG_WARN_DEPRECATED_OBJC_IMPLEMENTATIONS = YES;
				CLANG_WARN_DIRECT_OBJC_ISA_USAGE = YES_ERROR;
				CLANG_WARN_DOCUMENTATION_COMMENTS = YES;
				CLANG_WARN_EMPTY_BODY = YES;
				CLANG_WARN_ENUM_CONVERSION = YES;
				CLANG_WARN_INFINITE_RECURSION = YES;
				CLANG_WARN_INT_CONVERSION = YES;
				CLANG_WARN_NON_LITERAL_NULL_CONVERSION = YES;
				CLANG_WARN_OBJC_IMPLICIT_RETAIN_SELF = YES;
				CLANG_WARN_OBJC_LITERAL_CONVERSION = YES;
				CLANG_WARN_OBJC_ROOT_CLASS = YES_ERROR;
				CLANG_WARN_QUOTED_INCLUDE_IN_FRAMEWORK_HEADER = YES;
				CLANG_WARN_RANGE_LOOP_ANALYSIS = YES;
				CLANG_WARN_STRICT_PROTOTYPES = YES;
				CLANG_WARN_SUSPICIOUS_MOVE = YES;
				CLANG_WARN_UNGUARDED_AVAILABILITY = YES_AGGRESSIVE;
				CLANG_WARN_UNREACHABLE_CODE = YES;
				CLANG_WARN__DUPLICATE_METHOD_MATCH = YES;
				COPY_PHASE_STRIP = NO;
				DEBUG_INFORMATION_FORMAT = "dwarf-with-dsym";
				ENABLE_NS_ASSERTIONS = NO;
				ENABLE_STRICT_OBJC_MSGSEND = YES;
				ENABLE_USER_SCRIPT_SANDBOXING = YES;
				GCC_C_LANGUAGE_STANDARD = gnu17;
				GCC_NO_COMMON_BLOCKS = YES;
				GCC_WARN_64_TO_32_BIT_CONVERSION = YES;
				GCC_WARN_ABOUT_RETURN_TYPE = YES_ERROR;
				GCC_WARN_UNDECLARED_SELECTOR = YES;
				GCC_WARN_UNINITIALIZED_AUTOS = YES_AGGRESSIVE;
				GCC_WARN_UNUSED_FUNCTION = YES;
				GCC_WARN_UNUSED_VARIABLE = YES;
				IPHONEOS_DEPLOYMENT_TARGET = 17.2;
				LOCALIZATION_PREFERS_STRING_CATALOGS = YES;
				MTL_ENABLE_DEBUG_INFO = NO;
				MTL_FAST_MATH = YES;
				SDKROOT = iphoneos;
				SWIFT_COMPILATION_MODE = wholemodule;
				VALIDATE_PRODUCT = YES;
			};
			name = Release;
		};
		859830402C8B3B22006E4B26 /* Debug */ = {
			isa = XCBuildConfiguration;
			buildSettings = {
				ASSETCATALOG_COMPILER_APPICON_NAME = AppIcon;
				ASSETCATALOG_COMPILER_GLOBAL_ACCENT_COLOR_NAME = AccentColor;
				CODE_SIGN_STYLE = Automatic;
				CURRENT_PROJECT_VERSION = 1;
				DEVELOPMENT_ASSET_PATHS = "\"Cryptocurrency Predictor/Preview Content\"";
				ENABLE_PREVIEWS = YES;
				GENERATE_INFOPLIST_FILE = YES;
				INFOPLIST_KEY_UIApplicationSceneManifest_Generation = YES;
				INFOPLIST_KEY_UIApplicationSupportsIndirectInputEvents = YES;
				INFOPLIST_KEY_UILaunchScreen_Generation = YES;
				INFOPLIST_KEY_UISupportedInterfaceOrientations_iPad = "UIInterfaceOrientationPortrait UIInterfaceOrientationPortraitUpsideDown UIInterfaceOrientationLandscapeLeft UIInterfaceOrientationLandscapeRight";
				INFOPLIST_KEY_UISupportedInterfaceOrientations_iPhone = "UIInterfaceOrientationPortrait UIInterfaceOrientationLandscapeLeft UIInterfaceOrientationLandscapeRight";
				LD_RUNPATH_SEARCH_PATHS = (
					"$(inherited)",
					"@executable_path/Frameworks",
				);
				MARKETING_VERSION = 1.0;
				PRODUCT_BUNDLE_IDENTIFIER = "com.shreyasveturi.Cryptocurrency-Predictor";
				PRODUCT_NAME = "$(TARGET_NAME)";
				SWIFT_EMIT_LOC_STRINGS = YES;
				SWIFT_VERSION = 5.0;
				TARGETED_DEVICE_FAMILY = "1,2";
			};
			name = Debug;
		};
		859830412C8B3B22006E4B26 /* Release */ = {
			isa = XCBuildConfiguration;
			buildSettings = {
				ASSETCATALOG_COMPILER_APPICON_NAME = AppIcon;
				ASSETCATALOG_COMPILER_GLOBAL_ACCENT_COLOR_NAME = AccentColor;
				CODE_SIGN_STYLE = Automatic;
				CURRENT_PROJECT_VERSION = 1;
				DEVELOPMENT_ASSET_PATHS = "\"Cryptocurrency Predictor/Preview Content\"";
				ENABLE_PREVIEWS = YES;
				GENERATE_INFOPLIST_FILE = YES;
				INFOPLIST_KEY_UIApplicationSceneManifest_Generation = YES;
				INFOPLIST_KEY_UIApplicationSupportsIndirectInputEvents = YES;
				INFOPLIST_KEY_UILaunchScreen_Generation = YES;
				INFOPLIST_KEY_UISupportedInterfaceOrientations_iPad = "UIInterfaceOrientationPortrait UIInterfaceOrientationPortraitUpsideDown UIInterfaceOrientationLandscapeLeft UIInterfaceOrientationLandscapeRight";
				INFOPLIST_KEY_UISupportedInterfaceOrientations_iPhone = "UIInterfaceOrientationPortrait UIInterfaceOrientationLandscapeLeft UIInterfaceOrientationLandscapeRight";
				LD_RUNPATH_SEARCH_PATHS = (
					"$(inherited)",
					"@executable_path/Frameworks",
				);
				MARKETING_VERSION = 1.0;
				PRODUCT_BUNDLE_IDENTIFIER = "com.shreyasveturi.Cryptocurrency-Predictor";
				PRODUCT_NAME = "$(TARGET_NAME)";
				SWIFT_EMIT_LOC_STRINGS = YES;
				SWIFT_VERSION = 5.0;
				TARGETED_DEVICE_FAMILY = "1,2";
			};
			name = Release;
		};
		859830432C8B3B22006E4B26 /* Debug */ = {
			isa = XCBuildConfiguration;
			buildSettings = {
				BUNDLE_LOADER = "$(TEST_HOST)";
				CODE_SIGN_STYLE = Automatic;
				CURRENT_PROJECT_VERSION = 1;
				GENERATE_INFOPLIST_FILE = YES;
				IPHONEOS_DEPLOYMENT_TARGET = 17.2;
				MARKETING_VERSION = 1.0;
				PRODUCT_BUNDLE_IDENTIFIER = "com.shreyasveturi.Cryptocurrency-PredictorTests";
				PRODUCT_NAME = "$(TARGET_NAME)";
				SWIFT_EMIT_LOC_STRINGS = NO;
				SWIFT_VERSION = 5.0;
				TARGETED_DEVICE_FAMILY = "1,2";
				TEST_HOST = "$(BUILT_PRODUCTS_DIR)/Cryptocurrency Predictor.app/$(BUNDLE_EXECUTABLE_FOLDER_PATH)/Cryptocurrency Predictor";
			};
			name = Debug;
		};
		859830442C8B3B22006E4B26 /* Release */ = {
			isa = XCBuildConfiguration;
			buildSettings = {
				BUNDLE_LOADER = "$(TEST_HOST)";
				CODE_SIGN_STYLE = Automatic;
				CURRENT_PROJECT_VERSION = 1;
				GENERATE_INFOPLIST_FILE = YES;
				IPHONEOS_DEPLOYMENT_TARGET = 17.2;
				MARKETING_VERSION = 1.0;
				PRODUCT_BUNDLE_IDENTIFIER = "com.shreyasveturi.Cryptocurrency-PredictorTests";
				PRODUCT_NAME = "$(TARGET_NAME)";
				SWIFT_EMIT_LOC_STRINGS = NO;
				SWIFT_VERSION = 5.0;
				TARGETED_DEVICE_FAMILY = "1,2";
				TEST_HOST = "$(BUILT_PRODUCTS_DIR)/Cryptocurrency Predictor.app/$(BUNDLE_EXECUTABLE_FOLDER_PATH)/Cryptocurrency Predictor";
			};
			name = Release;
		};
		859830462C8B3B22006E4B26 /* Debug */ = {
			isa = XCBuildConfiguration;
			buildSettings = {
				CODE_SIGN_STYLE = Automatic;
				CURRENT_PROJECT_VERSION = 1;
				GENERATE_INFOPLIST_FILE = YES;
				MARKETING_VERSION = 1.0;
				PRODUCT_BUNDLE_IDENTIFIER = "com.shreyasveturi.Cryptocurrency-PredictorUITests";
				PRODUCT_NAME = "$(TARGET_NAME)";
				SWIFT_EMIT_LOC_STRINGS = NO;
				SWIFT_VERSION = 5.0;
				TARGETED_DEVICE_FAMILY = "1,2";
				TEST_TARGET_NAME = "Cryptocurrency Predictor";
			};
			name = Debug;
		};
		859830472C8B3B22006E4B26 /* Release */ = {
			isa = XCBuildConfiguration;
			buildSettings = {
				CODE_SIGN_STYLE = Automatic;
				CURRENT_PROJECT_VERSION = 1;
				GENERATE_INFOPLIST_FILE = YES;
				MARKETING_VERSION = 1.0;
				PRODUCT_BUNDLE_IDENTIFIER = "com.shreyasveturi.Cryptocurrency-PredictorUITests";
				PRODUCT_NAME = "$(TARGET_NAME)";
				SWIFT_EMIT_LOC_STRINGS = NO;
				SWIFT_VERSION = 5.0;
				TARGETED_DEVICE_FAMILY = "1,2";
				TEST_TARGET_NAME = "Cryptocurrency Predictor";
			};
			name = Release;
		};
/* End XCBuildConfiguration section */

/* Begin XCConfigurationList section */
		859830162C8B3B1F006E4B26 /* Build configuration list for PBXProject "Cryptocurrency Predictor" */ = {
			isa = XCConfigurationList;
			buildConfigurations = (
				8598303D2C8B3B22006E4B26 /* Debug */,
				8598303E2C8B3B22006E4B26 /* Release */,
			);
			defaultConfigurationIsVisible = 0;
			defaultConfigurationName = Release;
		};
		8598303F2C8B3B22006E4B26 /* Build configuration list for PBXNativeTarget "Cryptocurrency Predictor" */ = {
			isa = XCConfigurationList;
			buildConfigurations = (
				859830402C8B3B22006E4B26 /* Debug */,
				859830412C8B3B22006E4B26 /* Release */,
			);
			defaultConfigurationIsVisible = 0;
			defaultConfigurationName = Release;
		};
		859830422C8B3B22006E4B26 /* Build configuration list for PBXNativeTarget "Cryptocurrency PredictorTests" */ = {
			isa = XCConfigurationList;
			buildConfigurations = (
				859830432C8B3B22006E4B26 /* Debug */,
				859830442C8B3B22006E4B26 /* Release */,
			);
			defaultConfigurationIsVisible = 0;
			defaultConfigurationName = Release;
		};
		859830452C8B3B22006E4B26 /* Build configuration list for PBXNativeTarget "Cryptocurrency PredictorUITests" */ = {
			isa = XCConfigurationList;
			buildConfigurations = (
				859830462C8B3B22006E4B26 /* Debug */,
				859830472C8B3B22006E4B26 /* Release */,
			);
			defaultConfigurationIsVisible = 0;
			defaultConfigurationName = Release;
		};
/* End XCConfigurationList section */
	};
	rootObject = 859830132C8B3B1F006E4B26 /* Project object */;
}
